
Microsoft Visual Studio Solution File, Format Version 12.00
# Visual Studio Version 17
VisualStudioVersion = 17.10.34928.147
MinimumVisualStudioVersion = 10.0.40219.1
Project("{FAE04EC0-301F-11D3-BF4B-00C04F79EFBC}") = "ContactBookServer", "ContactBookServer\ContactBookServer.csproj", "{52A3AA52-886C-4C78-B242-B02077AFABAD}"
EndProject
Project("{FAE04EC0-301F-11D3-BF4B-00C04F79EFBC}") = "App.Domain.EF", "App.Domain.EF\App.Domain.EF.csproj", "{C53A60FB-7064-44B3-9714-41AA8B50B76B}"
EndProject
Project("{FAE04EC0-301F-11D3-BF4B-00C04F79EFBC}") = "App.DAL.EF", "App.DAL.EF\App.DAL.EF.csproj", "{4FB3E2DB-244E-4402-96EB-0768CE6D2C02}"
EndProject
Global
	GlobalSection(SolutionConfigurationPlatforms) = preSolution
		Debug|Any CPU = Debug|Any CPU
		Release|Any CPU = Release|Any CPU
	EndGlobalSection
	GlobalSection(ProjectConfigurationPlatforms) = postSolution
		{52A3AA52-886C-4C78-B242-B02077AFABAD}.Debug|Any CPU.ActiveCfg = Debug|Any CPU
		{52A3AA52-886C-4C78-B242-B02077AFABAD}.Debug|Any CPU.Build.0 = Debug|Any CPU
		{52A3AA52-886C-4C78-B242-B02077AFABAD}.Release|Any CPU.ActiveCfg = Release|Any CPU
		{52A3AA52-886C-4C78-B242-B02077AFABAD}.Release|Any CPU.Build.0 = Release|Any CPU
		{C53A60FB-7064-44B3-9714-41AA8B50B76B}.Debug|Any CPU.ActiveCfg = Debug|Any CPU
		{C53A60FB-7064-44B3-9714-41AA8B50B76B}.Debug|Any CPU.Build.0 = Debug|Any CPU
		{C53A60FB-7064-44B3-9714-41AA8B50B76B}.Release|Any CPU.ActiveCfg = Release|Any CPU
		{C53A60FB-7064-44B3-9714-41AA8B50B76B}.Release|Any CPU.Build.0 = Release|Any CPU
		{4FB3E2DB-244E-4402-96EB-0768CE6D2C02}.Debug|Any CPU.ActiveCfg = Debug|Any CPU
		{4FB3E2DB-244E-4402-96EB-0768CE6D2C02}.Debug|Any CPU.Build.0 = Debug|Any CPU
		{4FB3E2DB-244E-4402-96EB-0768CE6D2C02}.Release|Any CPU.ActiveCfg = Release|Any CPU
		{4FB3E2DB-244E-4402-96EB-0768CE6D2C02}.Release|Any CPU.Build.0 = Release|Any CPU
	EndGlobalSection
	GlobalSection(SolutionProperties) = preSolution
		HideSolutionNode = FALSE
	EndGlobalSection
	GlobalSection(ExtensibilityGlobals) = postSolution
		SolutionGuid = {C18EDB92-1BD2-408A-A809-E8A9F62AECC3}
	EndGlobalSection
EndGlobal
